{
  "name": "@muzkat/nextjs-tools",
  "version": "0.1.10",
  "lockfileVersion": 2,
  "requires": true,
  "packages": {
    "": {
      "name": "@muzkat/nextjs-tools",
      "version": "0.1.10",
      "license": "GPL-3.0-or-later",
      "dependencies": {
        "@srcld/sourlog": "^0.0.4"
      }
    },
    "node_modules/@srcld/sourlog": {
      "version": "0.0.4",
      "resolved": "https://npm.pkg.github.com/download/@srcld/sourlog/0.0.4/cafcfa4c26da75865ee2a258452407f82ac6c3f3",
      "integrity": "sha512-4+fgo8D0LxQ8WHPAXHEJ7rAK11QPftuTcXMcNUArs/OZPpKjC+AzWTPBpgVeOTzFO2HpNLmTAZfg/siHrVhuMQ==",
      "license": "MIT"
    }
  },
  "dependencies": {
    "@srcld/sourlog": {
      "version": "0.0.4",
      "resolved": "https://npm.pkg.github.com/download/@srcld/sourlog/0.0.4/cafcfa4c26da75865ee2a258452407f82ac6c3f3",
      "integrity": "sha512-4+fgo8D0LxQ8WHPAXHEJ7rAK11QPftuTcXMcNUArs/OZPpKjC+AzWTPBpgVeOTzFO2HpNLmTAZfg/siHrVhuMQ=="
    }
  }
}
