{
  "name": "@muzkat/nextjs-tools",
  "version": "0.1.11-0",
  "lockfileVersion": 2,
  "requires": true,
  "packages": {
    "": {
      "name": "@muzkat/nextjs-tools",
      "version": "0.1.11-0",
      "license": "GPL-3.0-or-later",
      "dependencies": {
        "@srcld/sourlog": "^0.0.5"
      }
    },
    "node_modules/@srcld/sourlog": {
      "version": "0.0.5",
      "resolved": "https://npm.pkg.github.com/download/@srcld/sourlog/0.0.5/1f7bbfef6aafb6607fccb882f53dbfeb8d16ffde",
      "integrity": "sha512-rccdFgxyqMeEm+BzbzXW3wGeBocBL/TK2axEbhIkfTn/3wQWlNVb1ouIhj2HYJcV3BsHI30dvNTnhFgi2s5c/w==",
      "license": "MIT"
    }
  },
  "dependencies": {
    "@srcld/sourlog": {
      "version": "0.0.5",
      "resolved": "https://npm.pkg.github.com/download/@srcld/sourlog/0.0.5/1f7bbfef6aafb6607fccb882f53dbfeb8d16ffde",
      "integrity": "sha512-rccdFgxyqMeEm+BzbzXW3wGeBocBL/TK2axEbhIkfTn/3wQWlNVb1ouIhj2HYJcV3BsHI30dvNTnhFgi2s5c/w=="
    }
  }
}
